// !$*UTF8*$!
{
	archiveVersion = 1;
	classes = {
	};
	objectVersion = 56;
	objects = {

/* Begin PBXBuildFile section */
		10F7DCFF2C4E196700C69573 /* AppDelegate.swift in Sources */ = {isa = PBXBuildFile; fileRef = 10F7DCFE2C4E196700C69573 /* AppDelegate.swift */; };
		10F7DD012C4E196700C69573 /* SceneDelegate.swift in Sources */ = {isa = PBXBuildFile; fileRef = 10F7DD002C4E196700C69573 /* SceneDelegate.swift */; };
		10F7DD032C4E196700C69573 /* ViewController.swift in Sources */ = {isa = PBXBuildFile; fileRef = 10F7DD022C4E196700C69573 /* ViewController.swift */; };
		10F7DD062C4E196700C69573 /* Main.storyboard in Resources */ = {isa = PBXBuildFile; fileRef = 10F7DD042C4E196700C69573 /* Main.storyboard */; };
		10F7DD082C4E196A00C69573 /* Assets.xcassets in Resources */ = {isa = PBXBuildFile; fileRef = 10F7DD072C4E196A00C69573 /* Assets.xcassets */; };
		10F7DD0B2C4E196A00C69573 /* LaunchScreen.storyboard in Resources */ = {isa = PBXBuildFile; fileRef = 10F7DD092C4E196A00C69573 /* LaunchScreen.storyboard */; };
		10F7DD142C4E1ACE00C69573 /* FirebaseAnalytics in Frameworks */ = {isa = PBXBuildFile; productRef = 10F7DD132C4E1ACE00C69573 /* FirebaseAnalytics */; };
		10F7DD162C4E1ACE00C69573 /* FirebaseAnalyticsOnDeviceConversion in Frameworks */ = {isa = PBXBuildFile; productRef = 10F7DD152C4E1ACE00C69573 /* FirebaseAnalyticsOnDeviceConversion */; };
		10F7DD182C4E1ACE00C69573 /* FirebaseAnalyticsSwift in Frameworks */ = {isa = PBXBuildFile; productRef = 10F7DD172C4E1ACE00C69573 /* FirebaseAnalyticsSwift */; };
		10F7DD1A2C4E1ACE00C69573 /* FirebaseAnalyticsWithoutAdIdSupport in Frameworks */ = {isa = PBXBuildFile; productRef = 10F7DD192C4E1ACE00C69573 /* FirebaseAnalyticsWithoutAdIdSupport */; };
		10F7DD1C2C4E1ACE00C69573 /* FirebaseAppCheck in Frameworks */ = {isa = PBXBuildFile; productRef = 10F7DD1B2C4E1ACE00C69573 /* FirebaseAppCheck */; };
		10F7DD1E2C4E1ACE00C69573 /* FirebaseAppDistribution-Beta in Frameworks */ = {isa = PBXBuildFile; productRef = 10F7DD1D2C4E1ACE00C69573 /* FirebaseAppDistribution-Beta */; };
		10F7DD202C4E1ACE00C69573 /* FirebaseAuth in Frameworks */ = {isa = PBXBuildFile; productRef = 10F7DD1F2C4E1ACE00C69573 /* FirebaseAuth */; };
		10F7DD222C4E1ACE00C69573 /* FirebaseAuthCombine-Community in Frameworks */ = {isa = PBXBuildFile; productRef = 10F7DD212C4E1ACE00C69573 /* FirebaseAuthCombine-Community */; };
		10F7DD242C4E1ACE00C69573 /* FirebaseCrashlytics in Frameworks */ = {isa = PBXBuildFile; productRef = 10F7DD232C4E1ACE00C69573 /* FirebaseCrashlytics */; };
		10F7DD262C4E1ACE00C69573 /* FirebaseDatabase in Frameworks */ = {isa = PBXBuildFile; productRef = 10F7DD252C4E1ACE00C69573 /* FirebaseDatabase */; };
		10F7DD282C4E1ACE00C69573 /* FirebaseDatabaseSwift in Frameworks */ = {isa = PBXBuildFile; productRef = 10F7DD272C4E1ACE00C69573 /* FirebaseDatabaseSwift */; };
		10F7DD2A2C4E1ACE00C69573 /* FirebaseDynamicLinks in Frameworks */ = {isa = PBXBuildFile; productRef = 10F7DD292C4E1ACE00C69573 /* FirebaseDynamicLinks */; };
		10F7DD2C2C4E1ACE00C69573 /* FirebaseFirestore in Frameworks */ = {isa = PBXBuildFile; productRef = 10F7DD2B2C4E1ACE00C69573 /* FirebaseFirestore */; };
		10F7DD2E2C4E1ACE00C69573 /* FirebaseFirestoreCombine-Community in Frameworks */ = {isa = PBXBuildFile; productRef = 10F7DD2D2C4E1ACE00C69573 /* FirebaseFirestoreCombine-Community */; };
		10F7DD302C4E1ACE00C69573 /* FirebaseFirestoreSwift in Frameworks */ = {isa = PBXBuildFile; productRef = 10F7DD2F2C4E1ACE00C69573 /* FirebaseFirestoreSwift */; };
		10F7DD322C4E1ACE00C69573 /* FirebaseFunctions in Frameworks */ = {isa = PBXBuildFile; productRef = 10F7DD312C4E1ACE00C69573 /* FirebaseFunctions */; };
		10F7DD342C4E1ACE00C69573 /* FirebaseFunctionsCombine-Community in Frameworks */ = {isa = PBXBuildFile; productRef = 10F7DD332C4E1ACE00C69573 /* FirebaseFunctionsCombine-Community */; };
		10F7DD362C4E1ACE00C69573 /* FirebaseInAppMessaging-Beta in Frameworks */ = {isa = PBXBuildFile; productRef = 10F7DD352C4E1ACE00C69573 /* FirebaseInAppMessaging-Beta */; };
		10F7DD382C4E1ACE00C69573 /* FirebaseInAppMessagingSwift-Beta in Frameworks */ = {isa = PBXBuildFile; productRef = 10F7DD372C4E1ACE00C69573 /* FirebaseInAppMessagingSwift-Beta */; };
		10F7DD3A2C4E1ACE00C69573 /* FirebaseInstallations in Frameworks */ = {isa = PBXBuildFile; productRef = 10F7DD392C4E1ACE00C69573 /* FirebaseInstallations */; };
		10F7DD3C2C4E1ACE00C69573 /* FirebaseMLModelDownloader in Frameworks */ = {isa = PBXBuildFile; productRef = 10F7DD3B2C4E1ACE00C69573 /* FirebaseMLModelDownloader */; };
		10F7DD3E2C4E1ACE00C69573 /* FirebaseMessaging in Frameworks */ = {isa = PBXBuildFile; productRef = 10F7DD3D2C4E1ACE00C69573 /* FirebaseMessaging */; };
		10F7DD402C4E1ACE00C69573 /* FirebasePerformance in Frameworks */ = {isa = PBXBuildFile; productRef = 10F7DD3F2C4E1ACE00C69573 /* FirebasePerformance */; };
		10F7DD422C4E1ACE00C69573 /* FirebaseRemoteConfig in Frameworks */ = {isa = PBXBuildFile; productRef = 10F7DD412C4E1ACE00C69573 /* FirebaseRemoteConfig */; };
		10F7DD442C4E1ACE00C69573 /* FirebaseRemoteConfigSwift in Frameworks */ = {isa = PBXBuildFile; productRef = 10F7DD432C4E1ACE00C69573 /* FirebaseRemoteConfigSwift */; };
		10F7DD462C4E1ACE00C69573 /* FirebaseStorage in Frameworks */ = {isa = PBXBuildFile; productRef = 10F7DD452C4E1ACE00C69573 /* FirebaseStorage */; };
		10F7DD482C4E1ACE00C69573 /* FirebaseStorageCombine-Community in Frameworks */ = {isa = PBXBuildFile; productRef = 10F7DD472C4E1ACE00C69573 /* FirebaseStorageCombine-Community */; };
		10F7DD4A2C4E1ACE00C69573 /* FirebaseVertexAI-Preview in Frameworks */ = {isa = PBXBuildFile; productRef = 10F7DD492C4E1ACE00C69573 /* FirebaseVertexAI-Preview */; };
		10F7DD4D2C4E1AF200C69573 /* SnapKit in Frameworks */ = {isa = PBXBuildFile; productRef = 10F7DD4C2C4E1AF200C69573 /* SnapKit */; };
		10F7DD4F2C4E1AF200C69573 /* SnapKit-Dynamic in Frameworks */ = {isa = PBXBuildFile; productRef = 10F7DD4E2C4E1AF200C69573 /* SnapKit-Dynamic */; };
		10F7DD512C4E1B4C00C69573 /* GoogleService-Info.plist in Resources */ = {isa = PBXBuildFile; fileRef = 10F7DD502C4E1B4C00C69573 /* GoogleService-Info.plist */; };
/* End PBXBuildFile section */

/* Begin PBXFileReference section */
		10F7DCFB2C4E196700C69573 /* FirebaseServerEx.app */ = {isa = PBXFileReference; explicitFileType = wrapper.application; includeInIndex = 0; path = FirebaseServerEx.app; sourceTree = BUILT_PRODUCTS_DIR; };
		10F7DCFE2C4E196700C69573 /* AppDelegate.swift */ = {isa = PBXFileReference; lastKnownFileType = sourcecode.swift; path = AppDelegate.swift; sourceTree = "<group>"; };
		10F7DD002C4E196700C69573 /* SceneDelegate.swift */ = {isa = PBXFileReference; lastKnownFileType = sourcecode.swift; path = SceneDelegate.swift; sourceTree = "<group>"; };
		10F7DD022C4E196700C69573 /* ViewController.swift */ = {isa = PBXFileReference; lastKnownFileType = sourcecode.swift; path = ViewController.swift; sourceTree = "<group>"; };
		10F7DD052C4E196700C69573 /* Base */ = {isa = PBXFileReference; lastKnownFileType = file.storyboard; name = Base; path = Base.lproj/Main.storyboard; sourceTree = "<group>"; };
		10F7DD072C4E196A00C69573 /* Assets.xcassets */ = {isa = PBXFileReference; lastKnownFileType = folder.assetcatalog; path = Assets.xcassets; sourceTree = "<group>"; };
		10F7DD0A2C4E196A00C69573 /* Base */ = {isa = PBXFileReference; lastKnownFileType = file.storyboard; name = Base; path = Base.lproj/LaunchScreen.storyboard; sourceTree = "<group>"; };
		10F7DD0C2C4E196A00C69573 /* Info.plist */ = {isa = PBXFileReference; lastKnownFileType = text.plist.xml; path = Info.plist; sourceTree = "<group>"; };
		10F7DD502C4E1B4C00C69573 /* GoogleService-Info.plist */ = {isa = PBXFileReference; fileEncoding = 4; lastKnownFileType = text.plist.xml; name = "GoogleService-Info.plist"; path = "../../GoogleService-Info.plist"; sourceTree = "<group>"; };
/* End PBXFileReference section */

/* Begin PBXFrameworksBuildPhase section */
		10F7DCF82C4E196700C69573 /* Frameworks */ = {
			isa = PBXFrameworksBuildPhase;
			buildActionMask = 2147483647;
			files = (
				10F7DD262C4E1ACE00C69573 /* FirebaseDatabase in Frameworks */,
				10F7DD4D2C4E1AF200C69573 /* SnapKit in Frameworks */,
				10F7DD342C4E1ACE00C69573 /* FirebaseFunctionsCombine-Community in Frameworks */,
				10F7DD2C2C4E1ACE00C69573 /* FirebaseFirestore in Frameworks */,
				10F7DD182C4E1ACE00C69573 /* FirebaseAnalyticsSwift in Frameworks */,
				10F7DD4F2C4E1AF200C69573 /* SnapKit-Dynamic in Frameworks */,
				10F7DD142C4E1ACE00C69573 /* FirebaseAnalytics in Frameworks */,
				10F7DD162C4E1ACE00C69573 /* FirebaseAnalyticsOnDeviceConversion in Frameworks */,
				10F7DD3C2C4E1ACE00C69573 /* FirebaseMLModelDownloader in Frameworks */,
				10F7DD302C4E1ACE00C69573 /* FirebaseFirestoreSwift in Frameworks */,
				10F7DD1C2C4E1ACE00C69573 /* FirebaseAppCheck in Frameworks */,
				10F7DD1A2C4E1ACE00C69573 /* FirebaseAnalyticsWithoutAdIdSupport in Frameworks */,
				10F7DD202C4E1ACE00C69573 /* FirebaseAuth in Frameworks */,
				10F7DD242C4E1ACE00C69573 /* FirebaseCrashlytics in Frameworks */,
				10F7DD442C4E1ACE00C69573 /* FirebaseRemoteConfigSwift in Frameworks */,
				10F7DD362C4E1ACE00C69573 /* FirebaseInAppMessaging-Beta in Frameworks */,
				10F7DD282C4E1ACE00C69573 /* FirebaseDatabaseSwift in Frameworks */,
				10F7DD322C4E1ACE00C69573 /* FirebaseFunctions in Frameworks */,
				10F7DD482C4E1ACE00C69573 /* FirebaseStorageCombine-Community in Frameworks */,
				10F7DD422C4E1ACE00C69573 /* FirebaseRemoteConfig in Frameworks */,
				10F7DD1E2C4E1ACE00C69573 /* FirebaseAppDistribution-Beta in Frameworks */,
				10F7DD222C4E1ACE00C69573 /* FirebaseAuthCombine-Community in Frameworks */,
				10F7DD402C4E1ACE00C69573 /* FirebasePerformance in Frameworks */,
				10F7DD382C4E1ACE00C69573 /* FirebaseInAppMessagingSwift-Beta in Frameworks */,
				10F7DD462C4E1ACE00C69573 /* FirebaseStorage in Frameworks */,
				10F7DD2A2C4E1ACE00C69573 /* FirebaseDynamicLinks in Frameworks */,
				10F7DD4A2C4E1ACE00C69573 /* FirebaseVertexAI-Preview in Frameworks */,
				10F7DD2E2C4E1ACE00C69573 /* FirebaseFirestoreCombine-Community in Frameworks */,
				10F7DD3E2C4E1ACE00C69573 /* FirebaseMessaging in Frameworks */,
				10F7DD3A2C4E1ACE00C69573 /* FirebaseInstallations in Frameworks */,
			);
			runOnlyForDeploymentPostprocessing = 0;
		};
/* End PBXFrameworksBuildPhase section */

/* Begin PBXGroup section */
		10F7DCF22C4E196700C69573 = {
			isa = PBXGroup;
			children = (
				10F7DCFD2C4E196700C69573 /* FirebaseServerEx */,
				10F7DCFC2C4E196700C69573 /* Products */,
			);
			sourceTree = "<group>";
		};
		10F7DCFC2C4E196700C69573 /* Products */ = {
			isa = PBXGroup;
			children = (
				10F7DCFB2C4E196700C69573 /* FirebaseServerEx.app */,
			);
			name = Products;
			sourceTree = "<group>";
		};
		10F7DCFD2C4E196700C69573 /* FirebaseServerEx */ = {
			isa = PBXGroup;
			children = (
				10F7DCFE2C4E196700C69573 /* AppDelegate.swift */,
				10F7DD002C4E196700C69573 /* SceneDelegate.swift */,
				10F7DD022C4E196700C69573 /* ViewController.swift */,
				10F7DD042C4E196700C69573 /* Main.storyboard */,
				10F7DD072C4E196A00C69573 /* Assets.xcassets */,
				10F7DD092C4E196A00C69573 /* LaunchScreen.storyboard */,
				10F7DD0C2C4E196A00C69573 /* Info.plist */,
				10F7DD502C4E1B4C00C69573 /* GoogleService-Info.plist */,
			);
			path = FirebaseServerEx;
			sourceTree = "<group>";
		};
/* End PBXGroup section */

/* Begin PBXNativeTarget section */
		10F7DCFA2C4E196700C69573 /* FirebaseServerEx */ = {
			isa = PBXNativeTarget;
			buildConfigurationList = 10F7DD0F2C4E196A00C69573 /* Build configuration list for PBXNativeTarget "FirebaseServerEx" */;
			buildPhases = (
				10F7DCF72C4E196700C69573 /* Sources */,
				10F7DCF82C4E196700C69573 /* Frameworks */,
				10F7DCF92C4E196700C69573 /* Resources */,
			);
			buildRules = (
			);
			dependencies = (
			);
			name = FirebaseServerEx;
			packageProductDependencies = (
				10F7DD132C4E1ACE00C69573 /* FirebaseAnalytics */,
				10F7DD152C4E1ACE00C69573 /* FirebaseAnalyticsOnDeviceConversion */,
				10F7DD172C4E1ACE00C69573 /* FirebaseAnalyticsSwift */,
				10F7DD192C4E1ACE00C69573 /* FirebaseAnalyticsWithoutAdIdSupport */,
				10F7DD1B2C4E1ACE00C69573 /* FirebaseAppCheck */,
				10F7DD1D2C4E1ACE00C69573 /* FirebaseAppDistribution-Beta */,
				10F7DD1F2C4E1ACE00C69573 /* FirebaseAuth */,
				10F7DD212C4E1ACE00C69573 /* FirebaseAuthCombine-Community */,
				10F7DD232C4E1ACE00C69573 /* FirebaseCrashlytics */,
				10F7DD252C4E1ACE00C69573 /* FirebaseDatabase */,
				10F7DD272C4E1ACE00C69573 /* FirebaseDatabaseSwift */,
				10F7DD292C4E1ACE00C69573 /* FirebaseDynamicLinks */,
				10F7DD2B2C4E1ACE00C69573 /* FirebaseFirestore */,
				10F7DD2D2C4E1ACE00C69573 /* FirebaseFirestoreCombine-Community */,
				10F7DD2F2C4E1ACE00C69573 /* FirebaseFirestoreSwift */,
				10F7DD312C4E1ACE00C69573 /* FirebaseFunctions */,
				10F7DD332C4E1ACE00C69573 /* FirebaseFunctionsCombine-Community */,
				10F7DD352C4E1ACE00C69573 /* FirebaseInAppMessaging-Beta */,
				10F7DD372C4E1ACE00C69573 /* FirebaseInAppMessagingSwift-Beta */,
				10F7DD392C4E1ACE00C69573 /* FirebaseInstallations */,
				10F7DD3B2C4E1ACE00C69573 /* FirebaseMLModelDownloader */,
				10F7DD3D2C4E1ACE00C69573 /* FirebaseMessaging */,
				10F7DD3F2C4E1ACE00C69573 /* FirebasePerformance */,
				10F7DD412C4E1ACE00C69573 /* FirebaseRemoteConfig */,
				10F7DD432C4E1ACE00C69573 /* FirebaseRemoteConfigSwift */,
				10F7DD452C4E1ACE00C69573 /* FirebaseStorage */,
				10F7DD472C4E1ACE00C69573 /* FirebaseStorageCombine-Community */,
				10F7DD492C4E1ACE00C69573 /* FirebaseVertexAI-Preview */,
				10F7DD4C2C4E1AF200C69573 /* SnapKit */,
				10F7DD4E2C4E1AF200C69573 /* SnapKit-Dynamic */,
			);
			productName = FirebaseServerEx;
			productReference = 10F7DCFB2C4E196700C69573 /* FirebaseServerEx.app */;
			productType = "com.apple.product-type.application";
		};
/* End PBXNativeTarget section */

/* Begin PBXProject section */
		10F7DCF32C4E196700C69573 /* Project object */ = {
			isa = PBXProject;
			attributes = {
				BuildIndependentTargetsInParallel = 1;
				LastSwiftUpdateCheck = 1510;
				LastUpgradeCheck = 1510;
				TargetAttributes = {
					10F7DCFA2C4E196700C69573 = {
						CreatedOnToolsVersion = 15.1;
					};
				};
			};
			buildConfigurationList = 10F7DCF62C4E196700C69573 /* Build configuration list for PBXProject "FirebaseServerEx" */;
			compatibilityVersion = "Xcode 14.0";
			developmentRegion = en;
			hasScannedForEncodings = 0;
			knownRegions = (
				en,
				Base,
			);
			mainGroup = 10F7DCF22C4E196700C69573;
			packageReferences = (
				10F7DD122C4E1ACE00C69573 /* XCRemoteSwiftPackageReference "firebase-ios-sdk" */,
				10F7DD4B2C4E1AF200C69573 /* XCRemoteSwiftPackageReference "SnapKit" */,
			);
			productRefGroup = 10F7DCFC2C4E196700C69573 /* Products */;
			projectDirPath = "";
			projectRoot = "";
			targets = (
				10F7DCFA2C4E196700C69573 /* FirebaseServerEx */,
			);
		};
/* End PBXProject section */

/* Begin PBXResourcesBuildPhase section */
		10F7DCF92C4E196700C69573 /* Resources */ = {
			isa = PBXResourcesBuildPhase;
			buildActionMask = 2147483647;
			files = (
				10F7DD0B2C4E196A00C69573 /* LaunchScreen.storyboard in Resources */,
				10F7DD512C4E1B4C00C69573 /* GoogleService-Info.plist in Resources */,
				10F7DD082C4E196A00C69573 /* Assets.xcassets in Resources */,
				10F7DD062C4E196700C69573 /* Main.storyboard in Resources */,
			);
			runOnlyForDeploymentPostprocessing = 0;
		};
/* End PBXResourcesBuildPhase section */

/* Begin PBXSourcesBuildPhase section */
		10F7DCF72C4E196700C69573 /* Sources */ = {
			isa = PBXSourcesBuildPhase;
			buildActionMask = 2147483647;
			files = (
				10F7DD032C4E196700C69573 /* ViewController.swift in Sources */,
				10F7DCFF2C4E196700C69573 /* AppDelegate.swift in Sources */,
				10F7DD012C4E196700C69573 /* SceneDelegate.swift in Sources */,
			);
			runOnlyForDeploymentPostprocessing = 0;
		};
/* End PBXSourcesBuildPhase section */

/* Begin PBXVariantGroup section */
		10F7DD042C4E196700C69573 /* Main.storyboard */ = {
			isa = PBXVariantGroup;
			children = (
				10F7DD052C4E196700C69573 /* Base */,
			);
			name = Main.storyboard;
			sourceTree = "<group>";
		};
		10F7DD092C4E196A00C69573 /* LaunchScreen.storyboard */ = {
			isa = PBXVariantGroup;
			children = (
				10F7DD0A2C4E196A00C69573 /* Base */,
			);
			name = LaunchScreen.storyboard;
			sourceTree = "<group>";
		};
/* End PBXVariantGroup section */

/* Begin XCBuildConfiguration section */
		10F7DD0D2C4E196A00C69573 /* Debug */ = {
			isa = XCBuildConfiguration;
			buildSettings = {
				ALWAYS_SEARCH_USER_PATHS = NO;
				ASSETCATALOG_COMPILER_GENERATE_SWIFT_ASSET_SYMBOL_EXTENSIONS = YES;
				CLANG_ANALYZER_NONNULL = YES;
				CLANG_ANALYZER_NUMBER_OBJECT_CONVERSION = YES_AGGRESSIVE;
				CLANG_CXX_LANGUAGE_STANDARD = "gnu++20";
				CLANG_ENABLE_MODULES = YES;
				CLANG_ENABLE_OBJC_ARC = YES;
				CLANG_ENABLE_OBJC_WEAK = YES;
				CLANG_WARN_BLOCK_CAPTURE_AUTORELEASING = YES;
				CLANG_WARN_BOOL_CONVERSION = YES;
				CLANG_WARN_COMMA = YES;
				CLANG_WARN_CONSTANT_CONVERSION = YES;
				CLANG_WARN_DEPRECATED_OBJC_IMPLEMENTATIONS = YES;
				CLANG_WARN_DIRECT_OBJC_ISA_USAGE = YES_ERROR;
				CLANG_WARN_DOCUMENTATION_COMMENTS = YES;
				CLANG_WARN_EMPTY_BODY = YES;
				CLANG_WARN_ENUM_CONVERSION = YES;
				CLANG_WARN_INFINITE_RECURSION = YES;
				CLANG_WARN_INT_CONVERSION = YES;
				CLANG_WARN_NON_LITERAL_NULL_CONVERSION = YES;
				CLANG_WARN_OBJC_IMPLICIT_RETAIN_SELF = YES;
				CLANG_WARN_OBJC_LITERAL_CONVERSION = YES;
				CLANG_WARN_OBJC_ROOT_CLASS = YES_ERROR;
				CLANG_WARN_QUOTED_INCLUDE_IN_FRAMEWORK_HEADER = YES;
				CLANG_WARN_RANGE_LOOP_ANALYSIS = YES;
				CLANG_WARN_STRICT_PROTOTYPES = YES;
				CLANG_WARN_SUSPICIOUS_MOVE = YES;
				CLANG_WARN_UNGUARDED_AVAILABILITY = YES_AGGRESSIVE;
				CLANG_WARN_UNREACHABLE_CODE = YES;
				CLANG_WARN__DUPLICATE_METHOD_MATCH = YES;
				COPY_PHASE_STRIP = NO;
				DEBUG_INFORMATION_FORMAT = dwarf;
				ENABLE_STRICT_OBJC_MSGSEND = YES;
				ENABLE_TESTABILITY = YES;
				ENABLE_USER_SCRIPT_SANDBOXING = YES;
				GCC_C_LANGUAGE_STANDARD = gnu17;
				GCC_DYNAMIC_NO_PIC = NO;
				GCC_NO_COMMON_BLOCKS = YES;
				GCC_OPTIMIZATION_LEVEL = 0;
				GCC_PREPROCESSOR_DEFINITIONS = (
					"DEBUG=1",
					"$(inherited)",
				);
				GCC_WARN_64_TO_32_BIT_CONVERSION = YES;
				GCC_WARN_ABOUT_RETURN_TYPE = YES_ERROR;
				GCC_WARN_UNDECLARED_SELECTOR = YES;
				GCC_WARN_UNINITIALIZED_AUTOS = YES_AGGRESSIVE;
				GCC_WARN_UNUSED_FUNCTION = YES;
				GCC_WARN_UNUSED_VARIABLE = YES;
				IPHONEOS_DEPLOYMENT_TARGET = 16.0;
				LOCALIZATION_PREFERS_STRING_CATALOGS = YES;
				MTL_ENABLE_DEBUG_INFO = INCLUDE_SOURCE;
				MTL_FAST_MATH = YES;
				ONLY_ACTIVE_ARCH = YES;
				SDKROOT = iphoneos;
				SWIFT_ACTIVE_COMPILATION_CONDITIONS = "DEBUG $(inherited)";
				SWIFT_OPTIMIZATION_LEVEL = "-Onone";
			};
			name = Debug;
		};
		10F7DD0E2C4E196A00C69573 /* Release */ = {
			isa = XCBuildConfiguration;
			buildSettings = {
				ALWAYS_SEARCH_USER_PATHS = NO;
				ASSETCATALOG_COMPILER_GENERATE_SWIFT_ASSET_SYMBOL_EXTENSIONS = YES;
				CLANG_ANALYZER_NONNULL = YES;
				CLANG_ANALYZER_NUMBER_OBJECT_CONVERSION = YES_AGGRESSIVE;
				CLANG_CXX_LANGUAGE_STANDARD = "gnu++20";
				CLANG_ENABLE_MODULES = YES;
				CLANG_ENABLE_OBJC_ARC = YES;
				CLANG_ENABLE_OBJC_WEAK = YES;
				CLANG_WARN_BLOCK_CAPTURE_AUTORELEASING = YES;
				CLANG_WARN_BOOL_CONVERSION = YES;
				CLANG_WARN_COMMA = YES;
				CLANG_WARN_CONSTANT_CONVERSION = YES;
				CLANG_WARN_DEPRECATED_OBJC_IMPLEMENTATIONS = YES;
				CLANG_WARN_DIRECT_OBJC_ISA_USAGE = YES_ERROR;
				CLANG_WARN_DOCUMENTATION_COMMENTS = YES;
				CLANG_WARN_EMPTY_BODY = YES;
				CLANG_WARN_ENUM_CONVERSION = YES;
				CLANG_WARN_INFINITE_RECURSION = YES;
				CLANG_WARN_INT_CONVERSION = YES;
				CLANG_WARN_NON_LITERAL_NULL_CONVERSION = YES;
				CLANG_WARN_OBJC_IMPLICIT_RETAIN_SELF = YES;
				CLANG_WARN_OBJC_LITERAL_CONVERSION = YES;
				CLANG_WARN_OBJC_ROOT_CLASS = YES_ERROR;
				CLANG_WARN_QUOTED_INCLUDE_IN_FRAMEWORK_HEADER = YES;
				CLANG_WARN_RANGE_LOOP_ANALYSIS = YES;
				CLANG_WARN_STRICT_PROTOTYPES = YES;
				CLANG_WARN_SUSPICIOUS_MOVE = YES;
				CLANG_WARN_UNGUARDED_AVAILABILITY = YES_AGGRESSIVE;
				CLANG_WARN_UNREACHABLE_CODE = YES;
				CLANG_WARN__DUPLICATE_METHOD_MATCH = YES;
				COPY_PHASE_STRIP = NO;
				DEBUG_INFORMATION_FORMAT = "dwarf-with-dsym";
				ENABLE_NS_ASSERTIONS = NO;
				ENABLE_STRICT_OBJC_MSGSEND = YES;
				ENABLE_USER_SCRIPT_SANDBOXING = YES;
				GCC_C_LANGUAGE_STANDARD = gnu17;
				GCC_NO_COMMON_BLOCKS = YES;
				GCC_WARN_64_TO_32_BIT_CONVERSION = YES;
				GCC_WARN_ABOUT_RETURN_TYPE = YES_ERROR;
				GCC_WARN_UNDECLARED_SELECTOR = YES;
				GCC_WARN_UNINITIALIZED_AUTOS = YES_AGGRESSIVE;
				GCC_WARN_UNUSED_FUNCTION = YES;
				GCC_WARN_UNUSED_VARIABLE = YES;
				IPHONEOS_DEPLOYMENT_TARGET = 16.0;
				LOCALIZATION_PREFERS_STRING_CATALOGS = YES;
				MTL_ENABLE_DEBUG_INFO = NO;
				MTL_FAST_MATH = YES;
				SDKROOT = iphoneos;
				SWIFT_COMPILATION_MODE = wholemodule;
				VALIDATE_PRODUCT = YES;
			};
			name = Release;
		};
		10F7DD102C4E196A00C69573 /* Debug */ = {
			isa = XCBuildConfiguration;
			buildSettings = {
				ASSETCATALOG_COMPILER_APPICON_NAME = AppIcon;
				ASSETCATALOG_COMPILER_GLOBAL_ACCENT_COLOR_NAME = AccentColor;
				CODE_SIGN_STYLE = Automatic;
				CURRENT_PROJECT_VERSION = 1;
				GENERATE_INFOPLIST_FILE = YES;
				INFOPLIST_FILE = FirebaseServerEx/Info.plist;
				INFOPLIST_KEY_UIApplicationSupportsIndirectInputEvents = YES;
				INFOPLIST_KEY_UILaunchStoryboardName = LaunchScreen;
				INFOPLIST_KEY_UIMainStoryboardFile = Main;
				INFOPLIST_KEY_UISupportedInterfaceOrientations = UIInterfaceOrientationPortrait;
				INFOPLIST_KEY_UISupportedInterfaceOrientations_iPad = "UIInterfaceOrientationLandscapeLeft UIInterfaceOrientationLandscapeRight UIInterfaceOrientationPortrait UIInterfaceOrientationPortraitUpsideDown";
				IPHONEOS_DEPLOYMENT_TARGET = 16.0;
				LD_RUNPATH_SEARCH_PATHS = (
					"$(inherited)",
					"@executable_path/Frameworks",
				);
				MARKETING_VERSION = 1.0;
				PRODUCT_BUNDLE_IDENTIFIER = com.hyeji.FirebaseServerEx;
				PRODUCT_NAME = "$(TARGET_NAME)";
				SUPPORTED_PLATFORMS = "iphoneos iphonesimulator";
				SUPPORTS_MACCATALYST = NO;
				SUPPORTS_MAC_DESIGNED_FOR_IPHONE_IPAD = NO;
				SWIFT_EMIT_LOC_STRINGS = YES;
				SWIFT_VERSION = 5.0;
				TARGETED_DEVICE_FAMILY = 1;
			};
			name = Debug;
		};
		10F7DD112C4E196A00C69573 /* Release */ = {
			isa = XCBuildConfiguration;
			buildSettings = {
				ASSETCATALOG_COMPILER_APPICON_NAME = AppIcon;
				ASSETCATALOG_COMPILER_GLOBAL_ACCENT_COLOR_NAME = AccentColor;
				CODE_SIGN_STYLE = Automatic;
				CURRENT_PROJECT_VERSION = 1;
				GENERATE_INFOPLIST_FILE = YES;
				INFOPLIST_FILE = FirebaseServerEx/Info.plist;
				INFOPLIST_KEY_UIApplicationSupportsIndirectInputEvents = YES;
				INFOPLIST_KEY_UILaunchStoryboardName = LaunchScreen;
				INFOPLIST_KEY_UIMainStoryboardFile = Main;
				INFOPLIST_KEY_UISupportedInterfaceOrientations = UIInterfaceOrientationPortrait;
				INFOPLIST_KEY_UISupportedInterfaceOrientations_iPad = "UIInterfaceOrientationLandscapeLeft UIInterfaceOrientationLandscapeRight UIInterfaceOrientationPortrait UIInterfaceOrientationPortraitUpsideDown";
				IPHONEOS_DEPLOYMENT_TARGET = 16.0;
				LD_RUNPATH_SEARCH_PATHS = (
					"$(inherited)",
					"@executable_path/Frameworks",
				);
				MARKETING_VERSION = 1.0;
				PRODUCT_BUNDLE_IDENTIFIER = com.hyeji.FirebaseServerEx;
				PRODUCT_NAME = "$(TARGET_NAME)";
				SUPPORTED_PLATFORMS = "iphoneos iphonesimulator";
				SUPPORTS_MACCATALYST = NO;
				SUPPORTS_MAC_DESIGNED_FOR_IPHONE_IPAD = NO;
				SWIFT_EMIT_LOC_STRINGS = YES;
				SWIFT_VERSION = 5.0;
				TARGETED_DEVICE_FAMILY = 1;
			};
			name = Release;
		};
/* End XCBuildConfiguration section */

/* Begin XCConfigurationList section */
		10F7DCF62C4E196700C69573 /* Build configuration list for PBXProject "FirebaseServerEx" */ = {
			isa = XCConfigurationList;
			buildConfigurations = (
				10F7DD0D2C4E196A00C69573 /* Debug */,
				10F7DD0E2C4E196A00C69573 /* Release */,
			);
			defaultConfigurationIsVisible = 0;
			defaultConfigurationName = Release;
		};
		10F7DD0F2C4E196A00C69573 /* Build configuration list for PBXNativeTarget "FirebaseServerEx" */ = {
			isa = XCConfigurationList;
			buildConfigurations = (
				10F7DD102C4E196A00C69573 /* Debug */,
				10F7DD112C4E196A00C69573 /* Release */,
			);
			defaultConfigurationIsVisible = 0;
			defaultConfigurationName = Release;
		};
/* End XCConfigurationList section */

/* Begin XCRemoteSwiftPackageReference section */
		10F7DD122C4E1ACE00C69573 /* XCRemoteSwiftPackageReference "firebase-ios-sdk" */ = {
			isa = XCRemoteSwiftPackageReference;
			repositoryURL = "https://github.com/firebase/firebase-ios-sdk";
			requirement = {
				kind = upToNextMajorVersion;
				minimumVersion = 10.29.0;
			};
		};
		10F7DD4B2C4E1AF200C69573 /* XCRemoteSwiftPackageReference "SnapKit" */ = {
			isa = XCRemoteSwiftPackageReference;
			repositoryURL = "https://github.com/SnapKit/SnapKit.git";
			requirement = {
				kind = upToNextMajorVersion;
				minimumVersion = 5.7.1;
			};
		};
/* End XCRemoteSwiftPackageReference section */

/* Begin XCSwiftPackageProductDependency section */
		10F7DD132C4E1ACE00C69573 /* FirebaseAnalytics */ = {
			isa = XCSwiftPackageProductDependency;
			package = 10F7DD122C4E1ACE00C69573 /* XCRemoteSwiftPackageReference "firebase-ios-sdk" */;
			productName = FirebaseAnalytics;
		};
		10F7DD152C4E1ACE00C69573 /* FirebaseAnalyticsOnDeviceConversion */ = {
			isa = XCSwiftPackageProductDependency;
			package = 10F7DD122C4E1ACE00C69573 /* XCRemoteSwiftPackageReference "firebase-ios-sdk" */;
			productName = FirebaseAnalyticsOnDeviceConversion;
		};
		10F7DD172C4E1ACE00C69573 /* FirebaseAnalyticsSwift */ = {
			isa = XCSwiftPackageProductDependency;
			package = 10F7DD122C4E1ACE00C69573 /* XCRemoteSwiftPackageReference "firebase-ios-sdk" */;
			productName = FirebaseAnalyticsSwift;
		};
		10F7DD192C4E1ACE00C69573 /* FirebaseAnalyticsWithoutAdIdSupport */ = {
			isa = XCSwiftPackageProductDependency;
			package = 10F7DD122C4E1ACE00C69573 /* XCRemoteSwiftPackageReference "firebase-ios-sdk" */;
			productName = FirebaseAnalyticsWithoutAdIdSupport;
		};
		10F7DD1B2C4E1ACE00C69573 /* FirebaseAppCheck */ = {
			isa = XCSwiftPackageProductDependency;
			package = 10F7DD122C4E1ACE00C69573 /* XCRemoteSwiftPackageReference "firebase-ios-sdk" */;
			productName = FirebaseAppCheck;
		};
		10F7DD1D2C4E1ACE00C69573 /* FirebaseAppDistribution-Beta */ = {
			isa = XCSwiftPackageProductDependency;
			package = 10F7DD122C4E1ACE00C69573 /* XCRemoteSwiftPackageReference "firebase-ios-sdk" */;
			productName = "FirebaseAppDistribution-Beta";
		};
		10F7DD1F2C4E1ACE00C69573 /* FirebaseAuth */ = {
			isa = XCSwiftPackageProductDependency;
			package = 10F7DD122C4E1ACE00C69573 /* XCRemoteSwiftPackageReference "firebase-ios-sdk" */;
			productName = FirebaseAuth;
		};
		10F7DD212C4E1ACE00C69573 /* FirebaseAuthCombine-Community */ = {
			isa = XCSwiftPackageProductDependency;
			package = 10F7DD122C4E1ACE00C69573 /* XCRemoteSwiftPackageReference "firebase-ios-sdk" */;
			productName = "FirebaseAuthCombine-Community";
		};
		10F7DD232C4E1ACE00C69573 /* FirebaseCrashlytics */ = {
			isa = XCSwiftPackageProductDependency;
			package = 10F7DD122C4E1ACE00C69573 /* XCRemoteSwiftPackageReference "firebase-ios-sdk" */;
			productName = FirebaseCrashlytics;
		};
		10F7DD252C4E1ACE00C69573 /* FirebaseDatabase */ = {
			isa = XCSwiftPackageProductDependency;
			package = 10F7DD122C4E1ACE00C69573 /* XCRemoteSwiftPackageReference "firebase-ios-sdk" */;
			productName = FirebaseDatabase;
		};
		10F7DD272C4E1ACE00C69573 /* FirebaseDatabaseSwift */ = {
			isa = XCSwiftPackageProductDependency;
			package = 10F7DD122C4E1ACE00C69573 /* XCRemoteSwiftPackageReference "firebase-ios-sdk" */;
			productName = FirebaseDatabaseSwift;
		};
		10F7DD292C4E1ACE00C69573 /* FirebaseDynamicLinks */ = {
			isa = XCSwiftPackageProductDependency;
			package = 10F7DD122C4E1ACE00C69573 /* XCRemoteSwiftPackageReference "firebase-ios-sdk" */;
			productName = FirebaseDynamicLinks;
		};
		10F7DD2B2C4E1ACE00C69573 /* FirebaseFirestore */ = {
			isa = XCSwiftPackageProductDependency;
			package = 10F7DD122C4E1ACE00C69573 /* XCRemoteSwiftPackageReference "firebase-ios-sdk" */;
			productName = FirebaseFirestore;
		};
		10F7DD2D2C4E1ACE00C69573 /* FirebaseFirestoreCombine-Community */ = {
			isa = XCSwiftPackageProductDependency;
			package = 10F7DD122C4E1ACE00C69573 /* XCRemoteSwiftPackageReference "firebase-ios-sdk" */;
			productName = "FirebaseFirestoreCombine-Community";
		};
		10F7DD2F2C4E1ACE00C69573 /* FirebaseFirestoreSwift */ = {
			isa = XCSwiftPackageProductDependency;
			package = 10F7DD122C4E1ACE00C69573 /* XCRemoteSwiftPackageReference "firebase-ios-sdk" */;
			productName = FirebaseFirestoreSwift;
		};
		10F7DD312C4E1ACE00C69573 /* FirebaseFunctions */ = {
			isa = XCSwiftPackageProductDependency;
			package = 10F7DD122C4E1ACE00C69573 /* XCRemoteSwiftPackageReference "firebase-ios-sdk" */;
			productName = FirebaseFunctions;
		};
		10F7DD332C4E1ACE00C69573 /* FirebaseFunctionsCombine-Community */ = {
			isa = XCSwiftPackageProductDependency;
			package = 10F7DD122C4E1ACE00C69573 /* XCRemoteSwiftPackageReference "firebase-ios-sdk" */;
			productName = "FirebaseFunctionsCombine-Community";
		};
		10F7DD352C4E1ACE00C69573 /* FirebaseInAppMessaging-Beta */ = {
			isa = XCSwiftPackageProductDependency;
			package = 10F7DD122C4E1ACE00C69573 /* XCRemoteSwiftPackageReference "firebase-ios-sdk" */;
			productName = "FirebaseInAppMessaging-Beta";
		};
		10F7DD372C4E1ACE00C69573 /* FirebaseInAppMessagingSwift-Beta */ = {
			isa = XCSwiftPackageProductDependency;
			package = 10F7DD122C4E1ACE00C69573 /* XCRemoteSwiftPackageReference "firebase-ios-sdk" */;
			productName = "FirebaseInAppMessagingSwift-Beta";
		};
		10F7DD392C4E1ACE00C69573 /* FirebaseInstallations */ = {
			isa = XCSwiftPackageProductDependency;
			package = 10F7DD122C4E1ACE00C69573 /* XCRemoteSwiftPackageReference "firebase-ios-sdk" */;
			productName = FirebaseInstallations;
		};
		10F7DD3B2C4E1ACE00C69573 /* FirebaseMLModelDownloader */ = {
			isa = XCSwiftPackageProductDependency;
			package = 10F7DD122C4E1ACE00C69573 /* XCRemoteSwiftPackageReference "firebase-ios-sdk" */;
			productName = FirebaseMLModelDownloader;
		};
		10F7DD3D2C4E1ACE00C69573 /* FirebaseMessaging */ = {
			isa = XCSwiftPackageProductDependency;
			package = 10F7DD122C4E1ACE00C69573 /* XCRemoteSwiftPackageReference "firebase-ios-sdk" */;
			productName = FirebaseMessaging;
		};
		10F7DD3F2C4E1ACE00C69573 /* FirebasePerformance */ = {
			isa = XCSwiftPackageProductDependency;
			package = 10F7DD122C4E1ACE00C69573 /* XCRemoteSwiftPackageReference "firebase-ios-sdk" */;
			productName = FirebasePerformance;
		};
		10F7DD412C4E1ACE00C69573 /* FirebaseRemoteConfig */ = {
			isa = XCSwiftPackageProductDependency;
			package = 10F7DD122C4E1ACE00C69573 /* XCRemoteSwiftPackageReference "firebase-ios-sdk" */;
			productName = FirebaseRemoteConfig;
		};
		10F7DD432C4E1ACE00C69573 /* FirebaseRemoteConfigSwift */ = {
			isa = XCSwiftPackageProductDependency;
			package = 10F7DD122C4E1ACE00C69573 /* XCRemoteSwiftPackageReference "firebase-ios-sdk" */;
			productName = FirebaseRemoteConfigSwift;
		};
		10F7DD452C4E1ACE00C69573 /* FirebaseStorage */ = {
			isa = XCSwiftPackageProductDependency;
			package = 10F7DD122C4E1ACE00C69573 /* XCRemoteSwiftPackageReference "firebase-ios-sdk" */;
			productName = FirebaseStorage;
		};
		10F7DD472C4E1ACE00C69573 /* FirebaseStorageCombine-Community */ = {
			isa = XCSwiftPackageProductDependency;
			package = 10F7DD122C4E1ACE00C69573 /* XCRemoteSwiftPackageReference "firebase-ios-sdk" */;
			productName = "FirebaseStorageCombine-Community";
		};
		10F7DD492C4E1ACE00C69573 /* FirebaseVertexAI-Preview */ = {
			isa = XCSwiftPackageProductDependency;
			package = 10F7DD122C4E1ACE00C69573 /* XCRemoteSwiftPackageReference "firebase-ios-sdk" */;
			productName = "FirebaseVertexAI-Preview";
		};
		10F7DD4C2C4E1AF200C69573 /* SnapKit */ = {
			isa = XCSwiftPackageProductDependency;
			package = 10F7DD4B2C4E1AF200C69573 /* XCRemoteSwiftPackageReference "SnapKit" */;
			productName = SnapKit;
		};
		10F7DD4E2C4E1AF200C69573 /* SnapKit-Dynamic */ = {
			isa = XCSwiftPackageProductDependency;
			package = 10F7DD4B2C4E1AF200C69573 /* XCRemoteSwiftPackageReference "SnapKit" */;
			productName = "SnapKit-Dynamic";
		};
/* End XCSwiftPackageProductDependency section */
	};
	rootObject = 10F7DCF32C4E196700C69573 /* Project object */;
}
